
Microsoft Visual Studio Solution File, Format Version 12.00
# Visual Studio Version 17
VisualStudioVersion = 17.5.33502.453
MinimumVisualStudioVersion = 10.0.40219.1
Project("{FAE04EC0-301F-11D3-BF4B-00C04F79EFBC}") = "AutoSpectreAnalyzer", "AutoSpectreAnalyzer\AutoSpectreAnalyzer\AutoSpectreAnalyzer.csproj", "{F1F139F1-EE09-43F6-857B-941BFCC2196A}"
EndProject
Project("{FAE04EC0-301F-11D3-BF4B-00C04F79EFBC}") = "AutoSpectreAnalyzer.CodeFixes", "AutoSpectreAnalyzer\AutoSpectreAnalyzer.CodeFixes\AutoSpectreAnalyzer.CodeFixes.csproj", "{3A206F9D-8D98-46D9-AA57-26FFE963AA97}"
EndProject
Project("{FAE04EC0-301F-11D3-BF4B-00C04F79EFBC}") = "AutoSpectreAnalyzer.Package", "AutoSpectreAnalyzer\AutoSpectreAnalyzer.Package\AutoSpectreAnalyzer.Package.csproj", "{ADB692BE-C731-4692-AF2B-E22F4B4EAA3D}"
EndProject
Project("{FAE04EC0-301F-11D3-BF4B-00C04F79EFBC}") = "AutoSpectreAnalyzer.Test", "AutoSpectreAnalyzer\AutoSpectreAnalyzer.Test\AutoSpectreAnalyzer.Test.csproj", "{23FC1FA8-ACE9-4000-ADEE-0291E7EDC0F8}"
EndProject
Project("{FAE04EC0-301F-11D3-BF4B-00C04F79EFBC}") = "AutoSpectreAnalyzer.Vsix", "AutoSpectreAnalyzer\AutoSpectreAnalyzer.Vsix\AutoSpectreAnalyzer.Vsix.csproj", "{9A1762F0-CC74-46C0-905C-320863121476}"
EndProject
Global
	GlobalSection(SolutionConfigurationPlatforms) = preSolution
		Debug|Any CPU = Debug|Any CPU
		Release|Any CPU = Release|Any CPU
	EndGlobalSection
	GlobalSection(ProjectConfigurationPlatforms) = postSolution
		{F1F139F1-EE09-43F6-857B-941BFCC2196A}.Debug|Any CPU.ActiveCfg = Debug|Any CPU
		{F1F139F1-EE09-43F6-857B-941BFCC2196A}.Debug|Any CPU.Build.0 = Debug|Any CPU
		{F1F139F1-EE09-43F6-857B-941BFCC2196A}.Release|Any CPU.ActiveCfg = Release|Any CPU
		{F1F139F1-EE09-43F6-857B-941BFCC2196A}.Release|Any CPU.Build.0 = Release|Any CPU
		{3A206F9D-8D98-46D9-AA57-26FFE963AA97}.Debug|Any CPU.ActiveCfg = Debug|Any CPU
		{3A206F9D-8D98-46D9-AA57-26FFE963AA97}.Debug|Any CPU.Build.0 = Debug|Any CPU
		{3A206F9D-8D98-46D9-AA57-26FFE963AA97}.Release|Any CPU.ActiveCfg = Release|Any CPU
		{3A206F9D-8D98-46D9-AA57-26FFE963AA97}.Release|Any CPU.Build.0 = Release|Any CPU
		{ADB692BE-C731-4692-AF2B-E22F4B4EAA3D}.Debug|Any CPU.ActiveCfg = Debug|Any CPU
		{ADB692BE-C731-4692-AF2B-E22F4B4EAA3D}.Debug|Any CPU.Build.0 = Debug|Any CPU
		{ADB692BE-C731-4692-AF2B-E22F4B4EAA3D}.Release|Any CPU.ActiveCfg = Release|Any CPU
		{ADB692BE-C731-4692-AF2B-E22F4B4EAA3D}.Release|Any CPU.Build.0 = Release|Any CPU
		{23FC1FA8-ACE9-4000-ADEE-0291E7EDC0F8}.Debug|Any CPU.ActiveCfg = Debug|Any CPU
		{23FC1FA8-ACE9-4000-ADEE-0291E7EDC0F8}.Debug|Any CPU.Build.0 = Debug|Any CPU
		{23FC1FA8-ACE9-4000-ADEE-0291E7EDC0F8}.Release|Any CPU.ActiveCfg = Release|Any CPU
		{23FC1FA8-ACE9-4000-ADEE-0291E7EDC0F8}.Release|Any CPU.Build.0 = Release|Any CPU
		{9A1762F0-CC74-46C0-905C-320863121476}.Debug|Any CPU.ActiveCfg = Debug|Any CPU
		{9A1762F0-CC74-46C0-905C-320863121476}.Debug|Any CPU.Build.0 = Debug|Any CPU
		{9A1762F0-CC74-46C0-905C-320863121476}.Release|Any CPU.ActiveCfg = Release|Any CPU
		{9A1762F0-CC74-46C0-905C-320863121476}.Release|Any CPU.Build.0 = Release|Any CPU
	EndGlobalSection
	GlobalSection(SolutionProperties) = preSolution
		HideSolutionNode = FALSE
	EndGlobalSection
	GlobalSection(ExtensibilityGlobals) = postSolution
		SolutionGuid = {8867BCC2-88BD-49E4-94F8-AC3BC7DCD129}
	EndGlobalSection
EndGlobal
