
Microsoft Visual Studio Solution File, Format Version 12.00
# Visual Studio Version 17
VisualStudioVersion = 17.4.33122.133
MinimumVisualStudioVersion = 10.0.40219.1
Project("{9A19103F-16F7-4668-BE54-9A1E7A4F7556}") = "AutoSpectre.SourceGeneration", "AutoSpectre.SourceGeneration\AutoSpectre.SourceGeneration.csproj", "{C15CCB9D-BDF2-4ED4-9C55-038E67349091}"
EndProject
Project("{9A19103F-16F7-4668-BE54-9A1E7A4F7556}") = "Test", "Test\Test.csproj", "{60CC2B3F-82EC-4E63-BC07-5D8F4C2DB132}"
EndProject
Project("{9A19103F-16F7-4668-BE54-9A1E7A4F7556}") = "AutoSpectre", "AutoSpectre\AutoSpectre.csproj", "{5A5D7CC1-BD95-47EC-AA57-AC12EF7B46F0}"
EndProject
Project("{9A19103F-16F7-4668-BE54-9A1E7A4F7556}") = "AutoSpectre.SourceGeneration.Tests", "AutoSpectre.SourceGeneration.Tests\AutoSpectre.SourceGeneration.Tests.csproj", "{0B4BEE92-D937-4120-9CB9-5A4BE654240D}"
EndProject
Project("{FAE04EC0-301F-11D3-BF4B-00C04F79EFBC}") = "AutoSpectre.SourceGeneration.Samples", "AutoSpectre.SourceGeneration.Samples\AutoSpectre.SourceGeneration.Samples.csproj", "{2B8EAE84-922E-44A3-B01A-31DF5AF9685F}"
EndProject
Global
	GlobalSection(SolutionConfigurationPlatforms) = preSolution
		Debug|Any CPU = Debug|Any CPU
		Debug|x64 = Debug|x64
		Debug|x86 = Debug|x86
		Release|Any CPU = Release|Any CPU
		Release|x64 = Release|x64
		Release|x86 = Release|x86
	EndGlobalSection
	GlobalSection(ProjectConfigurationPlatforms) = postSolution
		{C15CCB9D-BDF2-4ED4-9C55-038E67349091}.Debug|Any CPU.ActiveCfg = Debug|Any CPU
		{C15CCB9D-BDF2-4ED4-9C55-038E67349091}.Debug|Any CPU.Build.0 = Debug|Any CPU
		{C15CCB9D-BDF2-4ED4-9C55-038E67349091}.Debug|x64.ActiveCfg = Debug|Any CPU
		{C15CCB9D-BDF2-4ED4-9C55-038E67349091}.Debug|x64.Build.0 = Debug|Any CPU
		{C15CCB9D-BDF2-4ED4-9C55-038E67349091}.Debug|x86.ActiveCfg = Debug|Any CPU
		{C15CCB9D-BDF2-4ED4-9C55-038E67349091}.Debug|x86.Build.0 = Debug|Any CPU
		{C15CCB9D-BDF2-4ED4-9C55-038E67349091}.Release|Any CPU.ActiveCfg = Release|Any CPU
		{C15CCB9D-BDF2-4ED4-9C55-038E67349091}.Release|Any CPU.Build.0 = Release|Any CPU
		{C15CCB9D-BDF2-4ED4-9C55-038E67349091}.Release|x64.ActiveCfg = Release|Any CPU
		{C15CCB9D-BDF2-4ED4-9C55-038E67349091}.Release|x64.Build.0 = Release|Any CPU
		{C15CCB9D-BDF2-4ED4-9C55-038E67349091}.Release|x86.ActiveCfg = Release|Any CPU
		{C15CCB9D-BDF2-4ED4-9C55-038E67349091}.Release|x86.Build.0 = Release|Any CPU
		{60CC2B3F-82EC-4E63-BC07-5D8F4C2DB132}.Debug|Any CPU.ActiveCfg = Debug|Any CPU
		{60CC2B3F-82EC-4E63-BC07-5D8F4C2DB132}.Debug|Any CPU.Build.0 = Debug|Any CPU
		{60CC2B3F-82EC-4E63-BC07-5D8F4C2DB132}.Debug|x64.ActiveCfg = Debug|Any CPU
		{60CC2B3F-82EC-4E63-BC07-5D8F4C2DB132}.Debug|x64.Build.0 = Debug|Any CPU
		{60CC2B3F-82EC-4E63-BC07-5D8F4C2DB132}.Debug|x86.ActiveCfg = Debug|Any CPU
		{60CC2B3F-82EC-4E63-BC07-5D8F4C2DB132}.Debug|x86.Build.0 = Debug|Any CPU
		{60CC2B3F-82EC-4E63-BC07-5D8F4C2DB132}.Release|Any CPU.ActiveCfg = Release|Any CPU
		{60CC2B3F-82EC-4E63-BC07-5D8F4C2DB132}.Release|Any CPU.Build.0 = Release|Any CPU
		{60CC2B3F-82EC-4E63-BC07-5D8F4C2DB132}.Release|x64.ActiveCfg = Release|Any CPU
		{60CC2B3F-82EC-4E63-BC07-5D8F4C2DB132}.Release|x64.Build.0 = Release|Any CPU
		{60CC2B3F-82EC-4E63-BC07-5D8F4C2DB132}.Release|x86.ActiveCfg = Release|Any CPU
		{60CC2B3F-82EC-4E63-BC07-5D8F4C2DB132}.Release|x86.Build.0 = Release|Any CPU
		{5A5D7CC1-BD95-47EC-AA57-AC12EF7B46F0}.Debug|Any CPU.ActiveCfg = Debug|Any CPU
		{5A5D7CC1-BD95-47EC-AA57-AC12EF7B46F0}.Debug|Any CPU.Build.0 = Debug|Any CPU
		{5A5D7CC1-BD95-47EC-AA57-AC12EF7B46F0}.Debug|x64.ActiveCfg = Debug|Any CPU
		{5A5D7CC1-BD95-47EC-AA57-AC12EF7B46F0}.Debug|x64.Build.0 = Debug|Any CPU
		{5A5D7CC1-BD95-47EC-AA57-AC12EF7B46F0}.Debug|x86.ActiveCfg = Debug|Any CPU
		{5A5D7CC1-BD95-47EC-AA57-AC12EF7B46F0}.Debug|x86.Build.0 = Debug|Any CPU
		{5A5D7CC1-BD95-47EC-AA57-AC12EF7B46F0}.Release|Any CPU.ActiveCfg = Release|Any CPU
		{5A5D7CC1-BD95-47EC-AA57-AC12EF7B46F0}.Release|Any CPU.Build.0 = Release|Any CPU
		{5A5D7CC1-BD95-47EC-AA57-AC12EF7B46F0}.Release|x64.ActiveCfg = Release|Any CPU
		{5A5D7CC1-BD95-47EC-AA57-AC12EF7B46F0}.Release|x64.Build.0 = Release|Any CPU
		{5A5D7CC1-BD95-47EC-AA57-AC12EF7B46F0}.Release|x86.ActiveCfg = Release|Any CPU
		{5A5D7CC1-BD95-47EC-AA57-AC12EF7B46F0}.Release|x86.Build.0 = Release|Any CPU
		{0B4BEE92-D937-4120-9CB9-5A4BE654240D}.Debug|Any CPU.ActiveCfg = Debug|Any CPU
		{0B4BEE92-D937-4120-9CB9-5A4BE654240D}.Debug|Any CPU.Build.0 = Debug|Any CPU
		{0B4BEE92-D937-4120-9CB9-5A4BE654240D}.Debug|x64.ActiveCfg = Debug|Any CPU
		{0B4BEE92-D937-4120-9CB9-5A4BE654240D}.Debug|x64.Build.0 = Debug|Any CPU
		{0B4BEE92-D937-4120-9CB9-5A4BE654240D}.Debug|x86.ActiveCfg = Debug|Any CPU
		{0B4BEE92-D937-4120-9CB9-5A4BE654240D}.Debug|x86.Build.0 = Debug|Any CPU
		{0B4BEE92-D937-4120-9CB9-5A4BE654240D}.Release|Any CPU.ActiveCfg = Release|Any CPU
		{0B4BEE92-D937-4120-9CB9-5A4BE654240D}.Release|Any CPU.Build.0 = Release|Any CPU
		{0B4BEE92-D937-4120-9CB9-5A4BE654240D}.Release|x64.ActiveCfg = Release|Any CPU
		{0B4BEE92-D937-4120-9CB9-5A4BE654240D}.Release|x64.Build.0 = Release|Any CPU
		{0B4BEE92-D937-4120-9CB9-5A4BE654240D}.Release|x86.ActiveCfg = Release|Any CPU
		{0B4BEE92-D937-4120-9CB9-5A4BE654240D}.Release|x86.Build.0 = Release|Any CPU
		{2B8EAE84-922E-44A3-B01A-31DF5AF9685F}.Debug|Any CPU.ActiveCfg = Debug|Any CPU
		{2B8EAE84-922E-44A3-B01A-31DF5AF9685F}.Debug|Any CPU.Build.0 = Debug|Any CPU
		{2B8EAE84-922E-44A3-B01A-31DF5AF9685F}.Debug|x64.ActiveCfg = Debug|Any CPU
		{2B8EAE84-922E-44A3-B01A-31DF5AF9685F}.Debug|x64.Build.0 = Debug|Any CPU
		{2B8EAE84-922E-44A3-B01A-31DF5AF9685F}.Debug|x86.ActiveCfg = Debug|Any CPU
		{2B8EAE84-922E-44A3-B01A-31DF5AF9685F}.Debug|x86.Build.0 = Debug|Any CPU
		{2B8EAE84-922E-44A3-B01A-31DF5AF9685F}.Release|Any CPU.ActiveCfg = Release|Any CPU
		{2B8EAE84-922E-44A3-B01A-31DF5AF9685F}.Release|Any CPU.Build.0 = Release|Any CPU
		{2B8EAE84-922E-44A3-B01A-31DF5AF9685F}.Release|x64.ActiveCfg = Release|Any CPU
		{2B8EAE84-922E-44A3-B01A-31DF5AF9685F}.Release|x64.Build.0 = Release|Any CPU
		{2B8EAE84-922E-44A3-B01A-31DF5AF9685F}.Release|x86.ActiveCfg = Release|Any CPU
		{2B8EAE84-922E-44A3-B01A-31DF5AF9685F}.Release|x86.Build.0 = Release|Any CPU
	EndGlobalSection
	GlobalSection(SolutionProperties) = preSolution
		HideSolutionNode = FALSE
	EndGlobalSection
	GlobalSection(ExtensibilityGlobals) = postSolution
		SolutionGuid = {FDFC6834-6D8F-4B81-83C6-09A0A0272314}
	EndGlobalSection
EndGlobal
